
Microsoft Visual Studio Solution File, Format Version 12.00
# Visual Studio Version 17
VisualStudioVersion = 17.4.33103.184
MinimumVisualStudioVersion = 10.0.40219.1
Project("{9A19103F-16F7-4668-BE54-9A1E7A4F7556}") = "HW.TCP.Server", "TCP.Server\HW.TCP.Server.csproj", "{05D1AE40-67BB-46DC-A7D3-211FAB0C794B}"
EndProject
Project("{9A19103F-16F7-4668-BE54-9A1E7A4F7556}") = "HW.TCP.Client", "TCP.Client\HW.TCP.Client.csproj", "{5C281F0F-F4D1-4E76-A65F-84D1D2B18BC9}"
EndProject
Project("{9A19103F-16F7-4668-BE54-9A1E7A4F7556}") = "HTTP.Client1", "HTTP.Client1\HTTP.Client1.csproj", "{7FAC33B7-C1EC-404D-91B7-5D53ACDC6B26}"
EndProject
Project("{9A19103F-16F7-4668-BE54-9A1E7A4F7556}") = "HTTP.Server1", "HTTP.Server1\HTTP.Server1.csproj", "{16EA3F86-AAA9-4F49-B19B-5FA4067D8523}"
EndProject
Project("{9A19103F-16F7-4668-BE54-9A1E7A4F7556}") = "MQTT.Server", "MQTT.Server\MQTT.Server.csproj", "{770B037B-5F6E-4EE9-AF22-6D4AF6F941C4}"
EndProject
Project("{9A19103F-16F7-4668-BE54-9A1E7A4F7556}") = "MQTT.Client", "MQTT.Client\MQTT.Client.csproj", "{861184D8-2C6B-45E2-84D8-62B28027D810}"
EndProject
Project("{9A19103F-16F7-4668-BE54-9A1E7A4F7556}") = "HW.HTTP.Client", "HW.HTTP.Client\HW.HTTP.Client.csproj", "{ECAD85E9-CB6E-46C7-84FD-9DE5D2E7548F}"
EndProject
Project("{9A19103F-16F7-4668-BE54-9A1E7A4F7556}") = "HW.HTTP.Server", "HW.HTTP.Server\HW.HTTP.Server.csproj", "{A6DFB7C7-5448-40AF-AF8D-B3C0E56F937D}"
EndProject
Project("{FAE04EC0-301F-11D3-BF4B-00C04F79EFBC}") = "MQTTClient1", "MQTTClient1\MQTTClient1.csproj", "{CB4962B9-BE2E-4E64-8C2D-0837BF4EFE2E}"
EndProject
Project("{FAE04EC0-301F-11D3-BF4B-00C04F79EFBC}") = "MQTTClient2", "MQTTClient2\MQTTClient2.csproj", "{C12FB7E5-C9DD-4982-935F-0E9B5F882AAC}"
EndProject
Project("{FAE04EC0-301F-11D3-BF4B-00C04F79EFBC}") = "MQTTClient3", "MQTTClient3\MQTTClient3.csproj", "{926845E3-85BA-4C5D-8D5B-2E0AB8D6FEEC}"
EndProject
Global
	GlobalSection(SolutionConfigurationPlatforms) = preSolution
		Debug|Any CPU = Debug|Any CPU
		Release|Any CPU = Release|Any CPU
	EndGlobalSection
	GlobalSection(ProjectConfigurationPlatforms) = postSolution
		{05D1AE40-67BB-46DC-A7D3-211FAB0C794B}.Debug|Any CPU.ActiveCfg = Debug|Any CPU
		{05D1AE40-67BB-46DC-A7D3-211FAB0C794B}.Debug|Any CPU.Build.0 = Debug|Any CPU
		{05D1AE40-67BB-46DC-A7D3-211FAB0C794B}.Release|Any CPU.ActiveCfg = Release|Any CPU
		{05D1AE40-67BB-46DC-A7D3-211FAB0C794B}.Release|Any CPU.Build.0 = Release|Any CPU
		{5C281F0F-F4D1-4E76-A65F-84D1D2B18BC9}.Debug|Any CPU.ActiveCfg = Debug|Any CPU
		{5C281F0F-F4D1-4E76-A65F-84D1D2B18BC9}.Debug|Any CPU.Build.0 = Debug|Any CPU
		{5C281F0F-F4D1-4E76-A65F-84D1D2B18BC9}.Release|Any CPU.ActiveCfg = Release|Any CPU
		{5C281F0F-F4D1-4E76-A65F-84D1D2B18BC9}.Release|Any CPU.Build.0 = Release|Any CPU
		{7FAC33B7-C1EC-404D-91B7-5D53ACDC6B26}.Debug|Any CPU.ActiveCfg = Debug|Any CPU
		{7FAC33B7-C1EC-404D-91B7-5D53ACDC6B26}.Debug|Any CPU.Build.0 = Debug|Any CPU
		{7FAC33B7-C1EC-404D-91B7-5D53ACDC6B26}.Release|Any CPU.ActiveCfg = Release|Any CPU
		{7FAC33B7-C1EC-404D-91B7-5D53ACDC6B26}.Release|Any CPU.Build.0 = Release|Any CPU
		{16EA3F86-AAA9-4F49-B19B-5FA4067D8523}.Debug|Any CPU.ActiveCfg = Debug|Any CPU
		{16EA3F86-AAA9-4F49-B19B-5FA4067D8523}.Debug|Any CPU.Build.0 = Debug|Any CPU
		{16EA3F86-AAA9-4F49-B19B-5FA4067D8523}.Release|Any CPU.ActiveCfg = Release|Any CPU
		{16EA3F86-AAA9-4F49-B19B-5FA4067D8523}.Release|Any CPU.Build.0 = Release|Any CPU
		{770B037B-5F6E-4EE9-AF22-6D4AF6F941C4}.Debug|Any CPU.ActiveCfg = Debug|Any CPU
		{770B037B-5F6E-4EE9-AF22-6D4AF6F941C4}.Debug|Any CPU.Build.0 = Debug|Any CPU
		{770B037B-5F6E-4EE9-AF22-6D4AF6F941C4}.Release|Any CPU.ActiveCfg = Release|Any CPU
		{770B037B-5F6E-4EE9-AF22-6D4AF6F941C4}.Release|Any CPU.Build.0 = Release|Any CPU
		{861184D8-2C6B-45E2-84D8-62B28027D810}.Debug|Any CPU.ActiveCfg = Debug|Any CPU
		{861184D8-2C6B-45E2-84D8-62B28027D810}.Debug|Any CPU.Build.0 = Debug|Any CPU
		{861184D8-2C6B-45E2-84D8-62B28027D810}.Release|Any CPU.ActiveCfg = Release|Any CPU
		{861184D8-2C6B-45E2-84D8-62B28027D810}.Release|Any CPU.Build.0 = Release|Any CPU
		{ECAD85E9-CB6E-46C7-84FD-9DE5D2E7548F}.Debug|Any CPU.ActiveCfg = Debug|Any CPU
		{ECAD85E9-CB6E-46C7-84FD-9DE5D2E7548F}.Debug|Any CPU.Build.0 = Debug|Any CPU
		{ECAD85E9-CB6E-46C7-84FD-9DE5D2E7548F}.Release|Any CPU.ActiveCfg = Release|Any CPU
		{ECAD85E9-CB6E-46C7-84FD-9DE5D2E7548F}.Release|Any CPU.Build.0 = Release|Any CPU
		{A6DFB7C7-5448-40AF-AF8D-B3C0E56F937D}.Debug|Any CPU.ActiveCfg = Debug|Any CPU
		{A6DFB7C7-5448-40AF-AF8D-B3C0E56F937D}.Debug|Any CPU.Build.0 = Debug|Any CPU
		{A6DFB7C7-5448-40AF-AF8D-B3C0E56F937D}.Release|Any CPU.ActiveCfg = Release|Any CPU
		{A6DFB7C7-5448-40AF-AF8D-B3C0E56F937D}.Release|Any CPU.Build.0 = Release|Any CPU
		{CB4962B9-BE2E-4E64-8C2D-0837BF4EFE2E}.Debug|Any CPU.ActiveCfg = Debug|Any CPU
		{CB4962B9-BE2E-4E64-8C2D-0837BF4EFE2E}.Debug|Any CPU.Build.0 = Debug|Any CPU
		{CB4962B9-BE2E-4E64-8C2D-0837BF4EFE2E}.Release|Any CPU.ActiveCfg = Release|Any CPU
		{CB4962B9-BE2E-4E64-8C2D-0837BF4EFE2E}.Release|Any CPU.Build.0 = Release|Any CPU
		{C12FB7E5-C9DD-4982-935F-0E9B5F882AAC}.Debug|Any CPU.ActiveCfg = Debug|Any CPU
		{C12FB7E5-C9DD-4982-935F-0E9B5F882AAC}.Debug|Any CPU.Build.0 = Debug|Any CPU
		{C12FB7E5-C9DD-4982-935F-0E9B5F882AAC}.Release|Any CPU.ActiveCfg = Release|Any CPU
		{C12FB7E5-C9DD-4982-935F-0E9B5F882AAC}.Release|Any CPU.Build.0 = Release|Any CPU
		{926845E3-85BA-4C5D-8D5B-2E0AB8D6FEEC}.Debug|Any CPU.ActiveCfg = Debug|Any CPU
		{926845E3-85BA-4C5D-8D5B-2E0AB8D6FEEC}.Debug|Any CPU.Build.0 = Debug|Any CPU
		{926845E3-85BA-4C5D-8D5B-2E0AB8D6FEEC}.Release|Any CPU.ActiveCfg = Release|Any CPU
		{926845E3-85BA-4C5D-8D5B-2E0AB8D6FEEC}.Release|Any CPU.Build.0 = Release|Any CPU
	EndGlobalSection
	GlobalSection(SolutionProperties) = preSolution
		HideSolutionNode = FALSE
	EndGlobalSection
	GlobalSection(ExtensibilityGlobals) = postSolution
		SolutionGuid = {EA1A0B8A-558B-4A3F-B0EE-6B86D9C19519}
	EndGlobalSection
EndGlobal
